
Microsoft Visual Studio Solution File, Format Version 12.00
# Visual Studio Version 17
VisualStudioVersion = 17.7.34031.279
MinimumVisualStudioVersion = 10.0.40219.1
Project("{888888A0-9F3D-457C-B088-3A5042F75D52}") = "RK1", "RK1.pyproj", "{D94C5B98-1DAD-4883-9FBB-77B5D89BA462}"
EndProject
Global
	GlobalSection(SolutionConfigurationPlatforms) = preSolution
		Debug|Any CPU = Debug|Any CPU
		Release|Any CPU = Release|Any CPU
	EndGlobalSection
	GlobalSection(ProjectConfigurationPlatforms) = postSolution
		{D94C5B98-1DAD-4883-9FBB-77B5D89BA462}.Debug|Any CPU.ActiveCfg = Debug|Any CPU
		{D94C5B98-1DAD-4883-9FBB-77B5D89BA462}.Release|Any CPU.ActiveCfg = Release|Any CPU
	EndGlobalSection
	GlobalSection(SolutionProperties) = preSolution
		HideSolutionNode = FALSE
	EndGlobalSection
	GlobalSection(ExtensibilityGlobals) = postSolution
		SolutionGuid = {F6FCA99A-D110-4F3B-B669-C8963E0ADB5B}
	EndGlobalSection
EndGlobal
