
Microsoft Visual Studio Solution File, Format Version 12.00
# Visual Studio Version 17
VisualStudioVersion = 17.7.34031.279
MinimumVisualStudioVersion = 10.0.40219.1
Project("{888888A0-9F3D-457C-B088-3A5042F75D52}") = "ДЗ", "ДЗ.pyproj", "{60108AC6-A42B-482F-A582-A9014E452CBD}"
EndProject
Global
	GlobalSection(SolutionConfigurationPlatforms) = preSolution
		Debug|Any CPU = Debug|Any CPU
		Release|Any CPU = Release|Any CPU
	EndGlobalSection
	GlobalSection(ProjectConfigurationPlatforms) = postSolution
		{60108AC6-A42B-482F-A582-A9014E452CBD}.Debug|Any CPU.ActiveCfg = Debug|Any CPU
		{60108AC6-A42B-482F-A582-A9014E452CBD}.Release|Any CPU.ActiveCfg = Release|Any CPU
	EndGlobalSection
	GlobalSection(SolutionProperties) = preSolution
		HideSolutionNode = FALSE
	EndGlobalSection
	GlobalSection(ExtensibilityGlobals) = postSolution
		SolutionGuid = {6AB9BE77-B0BA-4BA3-AD41-9F663EE2984E}
	EndGlobalSection
EndGlobal
